
Microsoft Visual Studio Solution File, Format Version 12.00
# Visual Studio 14
VisualStudioVersion = 14.0.25420.1
MinimumVisualStudioVersion = 10.0.40219.1
Project("{8BC9CEB8-8B4A-11D0-8D11-00A0C91BC942}") = "CrashReport", "Code\CrashReport\CrashReport.vcxproj", "{C4762269-AA88-47FE-946A-459C5665D667}"
	ProjectSection(ProjectDependencies) = postProject
		{642E82D4-735E-4E60-9B6C-CB57D95B84C0} = {642E82D4-735E-4E60-9B6C-CB57D95B84C0}
	EndProjectSection
EndProject
Project("{8BC9CEB8-8B4A-11D0-8D11-00A0C91BC942}") = "PublicLib", "Code\PublicLib\PublicLib.vcxproj", "{642E82D4-735E-4E60-9B6C-CB57D95B84C0}"
EndProject
Project("{8BC9CEB8-8B4A-11D0-8D11-00A0C91BC942}") = "DuiLib", "Code\Duilib\DuiLib.vcxproj", "{E106ACD7-4E53-4AEE-942B-D0DD426DB34E}"
EndProject
Project("{8BC9CEB8-8B4A-11D0-8D11-00A0C91BC942}") = "BugReport", "Code\BugReport\BugReport.vcxproj", "{1E087B1A-B025-40AA-8EA6-28885CEFCA63}"
EndProject
Global
	GlobalSection(SolutionConfigurationPlatforms) = preSolution
		Debug_s|x64 = Debug_s|x64
		Debug_s|x86 = Debug_s|x86
		Debug|x64 = Debug|x64
		Debug|x86 = Debug|x86
		Debug-AppStore|x64 = Debug-AppStore|x64
		Debug-AppStore|x86 = Debug-AppStore|x86
		Release_s|x64 = Release_s|x64
		Release_s|x86 = Release_s|x86
		Release|x64 = Release|x64
		Release|x86 = Release|x86
		Release-AppStore|x64 = Release-AppStore|x64
		Release-AppStore|x86 = Release-AppStore|x86
		Release-without_APPStore|x64 = Release-without_APPStore|x64
		Release-without_APPStore|x86 = Release-without_APPStore|x86
	EndGlobalSection
	GlobalSection(ProjectConfigurationPlatforms) = postSolution
		{C4762269-AA88-47FE-946A-459C5665D667}.Debug_s|x64.ActiveCfg = Debug|x64
		{C4762269-AA88-47FE-946A-459C5665D667}.Debug_s|x64.Build.0 = Debug|x64
		{C4762269-AA88-47FE-946A-459C5665D667}.Debug_s|x86.ActiveCfg = Debug|Win32
		{C4762269-AA88-47FE-946A-459C5665D667}.Debug_s|x86.Build.0 = Debug|Win32
		{C4762269-AA88-47FE-946A-459C5665D667}.Debug|x64.ActiveCfg = Debug|x64
		{C4762269-AA88-47FE-946A-459C5665D667}.Debug|x64.Build.0 = Debug|x64
		{C4762269-AA88-47FE-946A-459C5665D667}.Debug|x86.ActiveCfg = Debug|Win32
		{C4762269-AA88-47FE-946A-459C5665D667}.Debug|x86.Build.0 = Debug|Win32
		{C4762269-AA88-47FE-946A-459C5665D667}.Debug-AppStore|x64.ActiveCfg = Debug|x64
		{C4762269-AA88-47FE-946A-459C5665D667}.Debug-AppStore|x64.Build.0 = Debug|x64
		{C4762269-AA88-47FE-946A-459C5665D667}.Debug-AppStore|x86.ActiveCfg = Debug|Win32
		{C4762269-AA88-47FE-946A-459C5665D667}.Debug-AppStore|x86.Build.0 = Debug|Win32
		{C4762269-AA88-47FE-946A-459C5665D667}.Release_s|x64.ActiveCfg = Release|x64
		{C4762269-AA88-47FE-946A-459C5665D667}.Release_s|x64.Build.0 = Release|x64
		{C4762269-AA88-47FE-946A-459C5665D667}.Release_s|x86.ActiveCfg = Release|Win32
		{C4762269-AA88-47FE-946A-459C5665D667}.Release_s|x86.Build.0 = Release|Win32
		{C4762269-AA88-47FE-946A-459C5665D667}.Release|x64.ActiveCfg = Release|x64
		{C4762269-AA88-47FE-946A-459C5665D667}.Release|x64.Build.0 = Release|x64
		{C4762269-AA88-47FE-946A-459C5665D667}.Release|x86.ActiveCfg = Release|Win32
		{C4762269-AA88-47FE-946A-459C5665D667}.Release|x86.Build.0 = Release|Win32
		{C4762269-AA88-47FE-946A-459C5665D667}.Release-AppStore|x64.ActiveCfg = Release|x64
		{C4762269-AA88-47FE-946A-459C5665D667}.Release-AppStore|x64.Build.0 = Release|x64
		{C4762269-AA88-47FE-946A-459C5665D667}.Release-AppStore|x86.ActiveCfg = Release|Win32
		{C4762269-AA88-47FE-946A-459C5665D667}.Release-AppStore|x86.Build.0 = Release|Win32
		{C4762269-AA88-47FE-946A-459C5665D667}.Release-without_APPStore|x64.ActiveCfg = Release|x64
		{C4762269-AA88-47FE-946A-459C5665D667}.Release-without_APPStore|x64.Build.0 = Release|x64
		{C4762269-AA88-47FE-946A-459C5665D667}.Release-without_APPStore|x86.ActiveCfg = Release|Win32
		{C4762269-AA88-47FE-946A-459C5665D667}.Release-without_APPStore|x86.Build.0 = Release|Win32
		{642E82D4-735E-4E60-9B6C-CB57D95B84C0}.Debug_s|x64.ActiveCfg = Debug_s|Win32
		{642E82D4-735E-4E60-9B6C-CB57D95B84C0}.Debug_s|x86.ActiveCfg = Debug_s|Win32
		{642E82D4-735E-4E60-9B6C-CB57D95B84C0}.Debug_s|x86.Build.0 = Debug_s|Win32
		{642E82D4-735E-4E60-9B6C-CB57D95B84C0}.Debug|x64.ActiveCfg = Debug|Win32
		{642E82D4-735E-4E60-9B6C-CB57D95B84C0}.Debug|x86.ActiveCfg = Debug|Win32
		{642E82D4-735E-4E60-9B6C-CB57D95B84C0}.Debug|x86.Build.0 = Debug|Win32
		{642E82D4-735E-4E60-9B6C-CB57D95B84C0}.Debug-AppStore|x64.ActiveCfg = Release_s|Win32
		{642E82D4-735E-4E60-9B6C-CB57D95B84C0}.Debug-AppStore|x64.Build.0 = Release_s|Win32
		{642E82D4-735E-4E60-9B6C-CB57D95B84C0}.Debug-AppStore|x86.ActiveCfg = Debug|Win32
		{642E82D4-735E-4E60-9B6C-CB57D95B84C0}.Debug-AppStore|x86.Build.0 = Debug|Win32
		{642E82D4-735E-4E60-9B6C-CB57D95B84C0}.Release_s|x64.ActiveCfg = Release_s|Win32
		{642E82D4-735E-4E60-9B6C-CB57D95B84C0}.Release_s|x86.ActiveCfg = Release_s|Win32
		{642E82D4-735E-4E60-9B6C-CB57D95B84C0}.Release_s|x86.Build.0 = Release_s|Win32
		{642E82D4-735E-4E60-9B6C-CB57D95B84C0}.Release|x64.ActiveCfg = Release|Win32
		{642E82D4-735E-4E60-9B6C-CB57D95B84C0}.Release|x86.ActiveCfg = Release|Win32
		{642E82D4-735E-4E60-9B6C-CB57D95B84C0}.Release|x86.Build.0 = Release|Win32
		{642E82D4-735E-4E60-9B6C-CB57D95B84C0}.Release-AppStore|x64.ActiveCfg = Release_s|Win32
		{642E82D4-735E-4E60-9B6C-CB57D95B84C0}.Release-AppStore|x64.Build.0 = Release_s|Win32
		{642E82D4-735E-4E60-9B6C-CB57D95B84C0}.Release-AppStore|x86.ActiveCfg = Release_s|Win32
		{642E82D4-735E-4E60-9B6C-CB57D95B84C0}.Release-AppStore|x86.Build.0 = Release_s|Win32
		{642E82D4-735E-4E60-9B6C-CB57D95B84C0}.Release-without_APPStore|x64.ActiveCfg = Release_s|Win32
		{642E82D4-735E-4E60-9B6C-CB57D95B84C0}.Release-without_APPStore|x64.Build.0 = Release_s|Win32
		{642E82D4-735E-4E60-9B6C-CB57D95B84C0}.Release-without_APPStore|x86.ActiveCfg = Release_s|Win32
		{642E82D4-735E-4E60-9B6C-CB57D95B84C0}.Release-without_APPStore|x86.Build.0 = Release_s|Win32
		{E106ACD7-4E53-4AEE-942B-D0DD426DB34E}.Debug_s|x64.ActiveCfg = Debug_s|x64
		{E106ACD7-4E53-4AEE-942B-D0DD426DB34E}.Debug_s|x64.Build.0 = Debug_s|x64
		{E106ACD7-4E53-4AEE-942B-D0DD426DB34E}.Debug_s|x86.ActiveCfg = Debug_s|Win32
		{E106ACD7-4E53-4AEE-942B-D0DD426DB34E}.Debug_s|x86.Build.0 = Debug_s|Win32
		{E106ACD7-4E53-4AEE-942B-D0DD426DB34E}.Debug|x64.ActiveCfg = Debug|x64
		{E106ACD7-4E53-4AEE-942B-D0DD426DB34E}.Debug|x64.Build.0 = Debug|x64
		{E106ACD7-4E53-4AEE-942B-D0DD426DB34E}.Debug|x86.ActiveCfg = Debug|Win32
		{E106ACD7-4E53-4AEE-942B-D0DD426DB34E}.Debug|x86.Build.0 = Debug|Win32
		{E106ACD7-4E53-4AEE-942B-D0DD426DB34E}.Debug-AppStore|x64.ActiveCfg = Debug|x64
		{E106ACD7-4E53-4AEE-942B-D0DD426DB34E}.Debug-AppStore|x64.Build.0 = Debug|x64
		{E106ACD7-4E53-4AEE-942B-D0DD426DB34E}.Debug-AppStore|x86.ActiveCfg = Debug|Win32
		{E106ACD7-4E53-4AEE-942B-D0DD426DB34E}.Debug-AppStore|x86.Build.0 = Debug|Win32
		{E106ACD7-4E53-4AEE-942B-D0DD426DB34E}.Release_s|x64.ActiveCfg = Release_s|x64
		{E106ACD7-4E53-4AEE-942B-D0DD426DB34E}.Release_s|x64.Build.0 = Release_s|x64
		{E106ACD7-4E53-4AEE-942B-D0DD426DB34E}.Release_s|x86.ActiveCfg = Release_s|Win32
		{E106ACD7-4E53-4AEE-942B-D0DD426DB34E}.Release_s|x86.Build.0 = Release_s|Win32
		{E106ACD7-4E53-4AEE-942B-D0DD426DB34E}.Release|x64.ActiveCfg = Release|x64
		{E106ACD7-4E53-4AEE-942B-D0DD426DB34E}.Release|x64.Build.0 = Release|x64
		{E106ACD7-4E53-4AEE-942B-D0DD426DB34E}.Release|x86.ActiveCfg = Release|Win32
		{E106ACD7-4E53-4AEE-942B-D0DD426DB34E}.Release|x86.Build.0 = Release|Win32
		{E106ACD7-4E53-4AEE-942B-D0DD426DB34E}.Release-AppStore|x64.ActiveCfg = Release_s|x64
		{E106ACD7-4E53-4AEE-942B-D0DD426DB34E}.Release-AppStore|x64.Build.0 = Release_s|x64
		{E106ACD7-4E53-4AEE-942B-D0DD426DB34E}.Release-AppStore|x86.ActiveCfg = Release_s|Win32
		{E106ACD7-4E53-4AEE-942B-D0DD426DB34E}.Release-AppStore|x86.Build.0 = Release_s|Win32
		{E106ACD7-4E53-4AEE-942B-D0DD426DB34E}.Release-without_APPStore|x64.ActiveCfg = Release_s|x64
		{E106ACD7-4E53-4AEE-942B-D0DD426DB34E}.Release-without_APPStore|x64.Build.0 = Release_s|x64
		{E106ACD7-4E53-4AEE-942B-D0DD426DB34E}.Release-without_APPStore|x86.ActiveCfg = Release_s|Win32
		{E106ACD7-4E53-4AEE-942B-D0DD426DB34E}.Release-without_APPStore|x86.Build.0 = Release_s|Win32
		{1E087B1A-B025-40AA-8EA6-28885CEFCA63}.Debug_s|x64.ActiveCfg = Release|Win32
		{1E087B1A-B025-40AA-8EA6-28885CEFCA63}.Debug_s|x64.Build.0 = Release|Win32
		{1E087B1A-B025-40AA-8EA6-28885CEFCA63}.Debug_s|x86.ActiveCfg = Debug|Win32
		{1E087B1A-B025-40AA-8EA6-28885CEFCA63}.Debug_s|x86.Build.0 = Debug|Win32
		{1E087B1A-B025-40AA-8EA6-28885CEFCA63}.Debug|x64.ActiveCfg = Debug|Win32
		{1E087B1A-B025-40AA-8EA6-28885CEFCA63}.Debug|x86.ActiveCfg = Debug|Win32
		{1E087B1A-B025-40AA-8EA6-28885CEFCA63}.Debug|x86.Build.0 = Debug|Win32
		{1E087B1A-B025-40AA-8EA6-28885CEFCA63}.Debug-AppStore|x64.ActiveCfg = Release|Win32
		{1E087B1A-B025-40AA-8EA6-28885CEFCA63}.Debug-AppStore|x64.Build.0 = Release|Win32
		{1E087B1A-B025-40AA-8EA6-28885CEFCA63}.Debug-AppStore|x86.ActiveCfg = Debug|Win32
		{1E087B1A-B025-40AA-8EA6-28885CEFCA63}.Debug-AppStore|x86.Build.0 = Debug|Win32
		{1E087B1A-B025-40AA-8EA6-28885CEFCA63}.Release_s|x64.ActiveCfg = Release|Win32
		{1E087B1A-B025-40AA-8EA6-28885CEFCA63}.Release_s|x64.Build.0 = Release|Win32
		{1E087B1A-B025-40AA-8EA6-28885CEFCA63}.Release_s|x86.ActiveCfg = Release|Win32
		{1E087B1A-B025-40AA-8EA6-28885CEFCA63}.Release_s|x86.Build.0 = Release|Win32
		{1E087B1A-B025-40AA-8EA6-28885CEFCA63}.Release|x64.ActiveCfg = Release|Win32
		{1E087B1A-B025-40AA-8EA6-28885CEFCA63}.Release|x86.ActiveCfg = Release|Win32
		{1E087B1A-B025-40AA-8EA6-28885CEFCA63}.Release|x86.Build.0 = Release|Win32
		{1E087B1A-B025-40AA-8EA6-28885CEFCA63}.Release-AppStore|x64.ActiveCfg = Release|Win32
		{1E087B1A-B025-40AA-8EA6-28885CEFCA63}.Release-AppStore|x64.Build.0 = Release|Win32
		{1E087B1A-B025-40AA-8EA6-28885CEFCA63}.Release-AppStore|x86.ActiveCfg = Release|Win32
		{1E087B1A-B025-40AA-8EA6-28885CEFCA63}.Release-AppStore|x86.Build.0 = Release|Win32
		{1E087B1A-B025-40AA-8EA6-28885CEFCA63}.Release-without_APPStore|x64.ActiveCfg = Release|Win32
		{1E087B1A-B025-40AA-8EA6-28885CEFCA63}.Release-without_APPStore|x64.Build.0 = Release|Win32
		{1E087B1A-B025-40AA-8EA6-28885CEFCA63}.Release-without_APPStore|x86.ActiveCfg = Release|Win32
		{1E087B1A-B025-40AA-8EA6-28885CEFCA63}.Release-without_APPStore|x86.Build.0 = Release|Win32
	EndGlobalSection
	GlobalSection(SolutionProperties) = preSolution
		HideSolutionNode = FALSE
	EndGlobalSection
EndGlobal
